
Microsoft Visual Studio Solution File, Format Version 12.00
# Visual Studio Version 17
VisualStudioVersion = 17.9.34723.18
MinimumVisualStudioVersion = 10.0.40219.1
Project("{FAE04EC0-301F-11D3-BF4B-00C04F79EFBC}") = "gpaucarSemana2Tarea", "gpaucarSemana2Tarea.csproj", "{D8068926-657E-42AF-B6E9-B2AAC33BFDD4}"
EndProject
Global
	GlobalSection(SolutionConfigurationPlatforms) = preSolution
		Debug|Any CPU = Debug|Any CPU
		Release|Any CPU = Release|Any CPU
	EndGlobalSection
	GlobalSection(ProjectConfigurationPlatforms) = postSolution
		{D8068926-657E-42AF-B6E9-B2AAC33BFDD4}.Debug|Any CPU.ActiveCfg = Debug|Any CPU
		{D8068926-657E-42AF-B6E9-B2AAC33BFDD4}.Debug|Any CPU.Build.0 = Debug|Any CPU
		{D8068926-657E-42AF-B6E9-B2AAC33BFDD4}.Debug|Any CPU.Deploy.0 = Debug|Any CPU
		{D8068926-657E-42AF-B6E9-B2AAC33BFDD4}.Release|Any CPU.ActiveCfg = Release|Any CPU
		{D8068926-657E-42AF-B6E9-B2AAC33BFDD4}.Release|Any CPU.Build.0 = Release|Any CPU
		{D8068926-657E-42AF-B6E9-B2AAC33BFDD4}.Release|Any CPU.Deploy.0 = Release|Any CPU
	EndGlobalSection
	GlobalSection(SolutionProperties) = preSolution
		HideSolutionNode = FALSE
	EndGlobalSection
	GlobalSection(ExtensibilityGlobals) = postSolution
		SolutionGuid = {BE3AE69A-5C00-46F7-ACB9-06B4F7BB8923}
	EndGlobalSection
EndGlobal
